
Microsoft Visual Studio Solution File, Format Version 12.00
# Visual Studio Version 16
VisualStudioVersion = 16.0.31515.178
MinimumVisualStudioVersion = 10.0.40219.1
Project("{FAE04EC0-301F-11D3-BF4B-00C04F79EFBC}") = "RTS Labs Coding Exercise", "RTS Labs Coding Exercise\RTS Labs Coding Exercise.csproj", "{F22A1CD8-0B65-423E-97B8-C915E2CB359D}"
EndProject
Global
	GlobalSection(SolutionConfigurationPlatforms) = preSolution
		Debug|Any CPU = Debug|Any CPU
		Release|Any CPU = Release|Any CPU
	EndGlobalSection
	GlobalSection(ProjectConfigurationPlatforms) = postSolution
		{F22A1CD8-0B65-423E-97B8-C915E2CB359D}.Debug|Any CPU.ActiveCfg = Debug|Any CPU
		{F22A1CD8-0B65-423E-97B8-C915E2CB359D}.Debug|Any CPU.Build.0 = Debug|Any CPU
		{F22A1CD8-0B65-423E-97B8-C915E2CB359D}.Release|Any CPU.ActiveCfg = Release|Any CPU
		{F22A1CD8-0B65-423E-97B8-C915E2CB359D}.Release|Any CPU.Build.0 = Release|Any CPU
	EndGlobalSection
	GlobalSection(SolutionProperties) = preSolution
		HideSolutionNode = FALSE
	EndGlobalSection
	GlobalSection(ExtensibilityGlobals) = postSolution
		SolutionGuid = {4D6249C6-6F9A-4500-BC27-A093E0E9913E}
	EndGlobalSection
EndGlobal
